
Microsoft Visual Studio Solution File, Format Version 12.00
# Visual Studio Version 17
VisualStudioVersion = 17.9.34728.123
MinimumVisualStudioVersion = 10.0.40219.1
Project("{FAE04EC0-301F-11D3-BF4B-00C04F79EFBC}") = "Leetcode", "Leetcode.csproj", "{2E680A3A-E142-4E36-8741-2C1071CDA24B}"
EndProject
Global
	GlobalSection(SolutionConfigurationPlatforms) = preSolution
		Debug|Any CPU = Debug|Any CPU
		Release|Any CPU = Release|Any CPU
	EndGlobalSection
	GlobalSection(ProjectConfigurationPlatforms) = postSolution
		{2E680A3A-E142-4E36-8741-2C1071CDA24B}.Debug|Any CPU.ActiveCfg = Debug|Any CPU
		{2E680A3A-E142-4E36-8741-2C1071CDA24B}.Debug|Any CPU.Build.0 = Debug|Any CPU
		{2E680A3A-E142-4E36-8741-2C1071CDA24B}.Release|Any CPU.ActiveCfg = Release|Any CPU
		{2E680A3A-E142-4E36-8741-2C1071CDA24B}.Release|Any CPU.Build.0 = Release|Any CPU
	EndGlobalSection
	GlobalSection(SolutionProperties) = preSolution
		HideSolutionNode = FALSE
	EndGlobalSection
	GlobalSection(ExtensibilityGlobals) = postSolution
		SolutionGuid = {8737FA6B-B114-47BD-B773-D9DAA034E7A8}
	EndGlobalSection
EndGlobal
